Microsoft Visual Studio Solution File, Format Version 12.00
# Visual Studio Version 17
VisualStudioVersion = 17.5.2.0
MinimumVisualStudioVersion = 10.0.40219.1
Project("{FAE04EC0-301F-11D3-BF4B-00C04F79EFBC}") = "ImageVault.API", "ImageVault.API\ImageVault.API.csproj", "{10B9D013-F11E-ABDB-2DB2-20350B4D3073}"
EndProject
Global
	GlobalSection(SolutionConfigurationPlatforms) = preSolution
		Debug|Any CPU = Debug|Any CPU
		Release|Any CPU = Release|Any CPU
	EndGlobalSection
	GlobalSection(ProjectConfigurationPlatforms) = postSolution
		{10B9D013-F11E-ABDB-2DB2-20350B4D3073}.Debug|Any CPU.ActiveCfg = Debug|Any CPU
		{10B9D013-F11E-ABDB-2DB2-20350B4D3073}.Debug|Any CPU.Build.0 = Debug|Any CPU
		{10B9D013-F11E-ABDB-2DB2-20350B4D3073}.Release|Any CPU.ActiveCfg = Release|Any CPU
		{10B9D013-F11E-ABDB-2DB2-20350B4D3073}.Release|Any CPU.Build.0 = Release|Any CPU
	EndGlobalSection
	GlobalSection(SolutionProperties) = preSolution
		HideSolutionNode = FALSE
	EndGlobalSection
	GlobalSection(ExtensibilityGlobals) = postSolution
		SolutionGuid = {62A13200-51DD-4392-A99D-840B08711CC4}
	EndGlobalSection
EndGlobal
